
Microsoft Visual Studio Solution File, Format Version 12.00
# Visual Studio Version 16
VisualStudioVersion = 16.0.31624.102
MinimumVisualStudioVersion = 10.0.40219.1
Project("{9A19103F-16F7-4668-BE54-9A1E7A4F7556}") = "Domain_Model_App", "Domain_Model_App.csproj", "{1C5C9641-433D-4E17-98CC-43D7820F06BB}"
EndProject
Global
	GlobalSection(SolutionConfigurationPlatforms) = preSolution
		Debug|Any CPU = Debug|Any CPU
		Debug|x64 = Debug|x64
		Release|Any CPU = Release|Any CPU
		Release|x64 = Release|x64
	EndGlobalSection
	GlobalSection(ProjectConfigurationPlatforms) = postSolution
		{1C5C9641-433D-4E17-98CC-43D7820F06BB}.Debug|Any CPU.ActiveCfg = Debug|Any CPU
		{1C5C9641-433D-4E17-98CC-43D7820F06BB}.Debug|Any CPU.Build.0 = Debug|Any CPU
		{1C5C9641-433D-4E17-98CC-43D7820F06BB}.Debug|x64.ActiveCfg = Debug|Any CPU
		{1C5C9641-433D-4E17-98CC-43D7820F06BB}.Debug|x64.Build.0 = Debug|Any CPU
		{1C5C9641-433D-4E17-98CC-43D7820F06BB}.Release|Any CPU.ActiveCfg = Release|Any CPU
		{1C5C9641-433D-4E17-98CC-43D7820F06BB}.Release|Any CPU.Build.0 = Release|Any CPU
		{1C5C9641-433D-4E17-98CC-43D7820F06BB}.Release|x64.ActiveCfg = Release|x64
		{1C5C9641-433D-4E17-98CC-43D7820F06BB}.Release|x64.Build.0 = Release|x64
	EndGlobalSection
	GlobalSection(SolutionProperties) = preSolution
		HideSolutionNode = FALSE
	EndGlobalSection
	GlobalSection(ExtensibilityGlobals) = postSolution
		SolutionGuid = {95EA5064-1B76-4006-BF06-6A69135C9315}
	EndGlobalSection
EndGlobal
